
Microsoft Visual Studio Solution File, Format Version 12.00
# Visual Studio Version 17
VisualStudioVersion = 17.8.34316.72
MinimumVisualStudioVersion = 10.0.40219.1
Project("{FAE04EC0-301F-11D3-BF4B-00C04F79EFBC}") = "LinkedList", "LinkedList\LinkedList.csproj", "{BEBAA070-A7F3-4926-8978-74E6B999AFDB}"
EndProject
Global
	GlobalSection(SolutionConfigurationPlatforms) = preSolution
		Debug|Any CPU = Debug|Any CPU
		Release|Any CPU = Release|Any CPU
	EndGlobalSection
	GlobalSection(ProjectConfigurationPlatforms) = postSolution
		{BEBAA070-A7F3-4926-8978-74E6B999AFDB}.Debug|Any CPU.ActiveCfg = Debug|Any CPU
		{BEBAA070-A7F3-4926-8978-74E6B999AFDB}.Debug|Any CPU.Build.0 = Debug|Any CPU
		{BEBAA070-A7F3-4926-8978-74E6B999AFDB}.Release|Any CPU.ActiveCfg = Release|Any CPU
		{BEBAA070-A7F3-4926-8978-74E6B999AFDB}.Release|Any CPU.Build.0 = Release|Any CPU
	EndGlobalSection
	GlobalSection(SolutionProperties) = preSolution
		HideSolutionNode = FALSE
	EndGlobalSection
	GlobalSection(ExtensibilityGlobals) = postSolution
		SolutionGuid = {ED9E70F1-8561-4CA7-BD92-7F996FA884C1}
	EndGlobalSection
EndGlobal
